
Microsoft Visual Studio Solution File, Format Version 12.00
# Visual Studio Version 17
VisualStudioVersion = 17.4.33122.133
MinimumVisualStudioVersion = 10.0.40219.1
Project("{9A19103F-16F7-4668-BE54-9A1E7A4F7556}") = "InGameServices.Api", "InGameServices.Api\InGameServices.Api.csproj", "{F25112BE-8194-4BB0-B5C7-7134F9A81434}"
EndProject
Project("{2150E333-8FDC-42A3-9474-1A3956D46DE8}") = "1 Api", "1 Api", "{B5DDF1B7-F97B-491A-9326-241FF84A5C4C}"
EndProject
Project("{2150E333-8FDC-42A3-9474-1A3956D46DE8}") = "2 Application", "2 Application", "{A0A3F64D-17A8-407B-94DA-FF0F8180E28F}"
EndProject
Project("{9A19103F-16F7-4668-BE54-9A1E7A4F7556}") = "InGameServices.Application", "InGameServices.Application\InGameServices.Application.csproj", "{8B7FB800-D584-48CE-8339-516126A0AE73}"
EndProject
Project("{2150E333-8FDC-42A3-9474-1A3956D46DE8}") = "3 Infra", "3 Infra", "{2D291074-F494-42A5-A5CE-C4A092965DC7}"
EndProject
Project("{2150E333-8FDC-42A3-9474-1A3956D46DE8}") = "3.1 Infrastructure", "3.1 Infrastructure", "{1F68D70C-2887-48C7-96B3-476EE0344ABD}"
EndProject
Project("{9A19103F-16F7-4668-BE54-9A1E7A4F7556}") = "InGameServices.Infrastructure", "InGameServices.Infrastructure\InGameServices.Infrastructure.csproj", "{706390DA-B4F7-4E7E-91A3-AB27399A4E13}"
EndProject
Project("{2150E333-8FDC-42A3-9474-1A3956D46DE8}") = "3.2 Data", "3.2 Data", "{73A9518B-4878-49CC-9C68-0C108E2F8BC5}"
EndProject
Project("{9A19103F-16F7-4668-BE54-9A1E7A4F7556}") = "InGameServices.Data", "InGameServices.Data\InGameServices.Data.csproj", "{41B0BE00-D680-46E8-B619-596288F690C2}"
EndProject
Project("{2150E333-8FDC-42A3-9474-1A3956D46DE8}") = "3.3 Models", "3.3 Models", "{7ADCE524-37D6-4FC5-A48E-8B404DBF8F84}"
EndProject
Project("{9A19103F-16F7-4668-BE54-9A1E7A4F7556}") = "InGameServices.Models", "InGameServices.Models\InGameServices.Models.csproj", "{2600DE6B-E508-40D7-804D-B139D6B7D2C6}"
EndProject
Project("{2150E333-8FDC-42A3-9474-1A3956D46DE8}") = "4 Tests", "4 Tests", "{D3B37769-C794-46AB-B9F7-21090F6D59D1}"
EndProject
Project("{2150E333-8FDC-42A3-9474-1A3956D46DE8}") = "4.1 Tests", "4.1 Tests", "{643F79E7-F7B2-4338-B327-3692C46C71C6}"
EndProject
Project("{2150E333-8FDC-42A3-9474-1A3956D46DE8}") = "4.2 Helpers", "4.2 Helpers", "{8563266D-1176-47C1-8147-0BB0B07D1B23}"
EndProject
Project("{9A19103F-16F7-4668-BE54-9A1E7A4F7556}") = "InGameServices.Tests", "InGameServices.Tests\InGameServices.Tests.csproj", "{7CDBF582-40DC-489A-A6FA-7677B59B4423}"
EndProject
Project("{9A19103F-16F7-4668-BE54-9A1E7A4F7556}") = "InGameServices.Helpers", "InGameServices.Helpers\InGameServices.Helpers.csproj", "{E8DCC169-7EA0-4B6D-8D1F-B38744090F99}"
EndProject
Global
	GlobalSection(SolutionConfigurationPlatforms) = preSolution
		Debug|Any CPU = Debug|Any CPU
		Release|Any CPU = Release|Any CPU
	EndGlobalSection
	GlobalSection(ProjectConfigurationPlatforms) = postSolution
		{F25112BE-8194-4BB0-B5C7-7134F9A81434}.Debug|Any CPU.ActiveCfg = Debug|Any CPU
		{F25112BE-8194-4BB0-B5C7-7134F9A81434}.Debug|Any CPU.Build.0 = Debug|Any CPU
		{F25112BE-8194-4BB0-B5C7-7134F9A81434}.Release|Any CPU.ActiveCfg = Release|Any CPU
		{F25112BE-8194-4BB0-B5C7-7134F9A81434}.Release|Any CPU.Build.0 = Release|Any CPU
		{8B7FB800-D584-48CE-8339-516126A0AE73}.Debug|Any CPU.ActiveCfg = Debug|Any CPU
		{8B7FB800-D584-48CE-8339-516126A0AE73}.Debug|Any CPU.Build.0 = Debug|Any CPU
		{8B7FB800-D584-48CE-8339-516126A0AE73}.Release|Any CPU.ActiveCfg = Release|Any CPU
		{8B7FB800-D584-48CE-8339-516126A0AE73}.Release|Any CPU.Build.0 = Release|Any CPU
		{706390DA-B4F7-4E7E-91A3-AB27399A4E13}.Debug|Any CPU.ActiveCfg = Debug|Any CPU
		{706390DA-B4F7-4E7E-91A3-AB27399A4E13}.Debug|Any CPU.Build.0 = Debug|Any CPU
		{706390DA-B4F7-4E7E-91A3-AB27399A4E13}.Release|Any CPU.ActiveCfg = Release|Any CPU
		{706390DA-B4F7-4E7E-91A3-AB27399A4E13}.Release|Any CPU.Build.0 = Release|Any CPU
		{41B0BE00-D680-46E8-B619-596288F690C2}.Debug|Any CPU.ActiveCfg = Debug|Any CPU
		{41B0BE00-D680-46E8-B619-596288F690C2}.Debug|Any CPU.Build.0 = Debug|Any CPU
		{41B0BE00-D680-46E8-B619-596288F690C2}.Release|Any CPU.ActiveCfg = Release|Any CPU
		{41B0BE00-D680-46E8-B619-596288F690C2}.Release|Any CPU.Build.0 = Release|Any CPU
		{2600DE6B-E508-40D7-804D-B139D6B7D2C6}.Debug|Any CPU.ActiveCfg = Debug|Any CPU
		{2600DE6B-E508-40D7-804D-B139D6B7D2C6}.Debug|Any CPU.Build.0 = Debug|Any CPU
		{2600DE6B-E508-40D7-804D-B139D6B7D2C6}.Release|Any CPU.ActiveCfg = Release|Any CPU
		{2600DE6B-E508-40D7-804D-B139D6B7D2C6}.Release|Any CPU.Build.0 = Release|Any CPU
		{7CDBF582-40DC-489A-A6FA-7677B59B4423}.Debug|Any CPU.ActiveCfg = Debug|Any CPU
		{7CDBF582-40DC-489A-A6FA-7677B59B4423}.Debug|Any CPU.Build.0 = Debug|Any CPU
		{7CDBF582-40DC-489A-A6FA-7677B59B4423}.Release|Any CPU.ActiveCfg = Release|Any CPU
		{7CDBF582-40DC-489A-A6FA-7677B59B4423}.Release|Any CPU.Build.0 = Release|Any CPU
		{E8DCC169-7EA0-4B6D-8D1F-B38744090F99}.Debug|Any CPU.ActiveCfg = Debug|Any CPU
		{E8DCC169-7EA0-4B6D-8D1F-B38744090F99}.Debug|Any CPU.Build.0 = Debug|Any CPU
		{E8DCC169-7EA0-4B6D-8D1F-B38744090F99}.Release|Any CPU.ActiveCfg = Release|Any CPU
		{E8DCC169-7EA0-4B6D-8D1F-B38744090F99}.Release|Any CPU.Build.0 = Release|Any CPU
	EndGlobalSection
	GlobalSection(SolutionProperties) = preSolution
		HideSolutionNode = FALSE
	EndGlobalSection
	GlobalSection(NestedProjects) = preSolution
		{F25112BE-8194-4BB0-B5C7-7134F9A81434} = {B5DDF1B7-F97B-491A-9326-241FF84A5C4C}
		{8B7FB800-D584-48CE-8339-516126A0AE73} = {A0A3F64D-17A8-407B-94DA-FF0F8180E28F}
		{1F68D70C-2887-48C7-96B3-476EE0344ABD} = {2D291074-F494-42A5-A5CE-C4A092965DC7}
		{706390DA-B4F7-4E7E-91A3-AB27399A4E13} = {1F68D70C-2887-48C7-96B3-476EE0344ABD}
		{73A9518B-4878-49CC-9C68-0C108E2F8BC5} = {2D291074-F494-42A5-A5CE-C4A092965DC7}
		{41B0BE00-D680-46E8-B619-596288F690C2} = {73A9518B-4878-49CC-9C68-0C108E2F8BC5}
		{7ADCE524-37D6-4FC5-A48E-8B404DBF8F84} = {2D291074-F494-42A5-A5CE-C4A092965DC7}
		{2600DE6B-E508-40D7-804D-B139D6B7D2C6} = {7ADCE524-37D6-4FC5-A48E-8B404DBF8F84}
		{643F79E7-F7B2-4338-B327-3692C46C71C6} = {D3B37769-C794-46AB-B9F7-21090F6D59D1}
		{8563266D-1176-47C1-8147-0BB0B07D1B23} = {D3B37769-C794-46AB-B9F7-21090F6D59D1}
		{7CDBF582-40DC-489A-A6FA-7677B59B4423} = {643F79E7-F7B2-4338-B327-3692C46C71C6}
		{E8DCC169-7EA0-4B6D-8D1F-B38744090F99} = {8563266D-1176-47C1-8147-0BB0B07D1B23}
	EndGlobalSection
	GlobalSection(ExtensibilityGlobals) = postSolution
		SolutionGuid = {234C6E2F-5B7F-4128-A2D9-94D0629A31C9}
	EndGlobalSection
EndGlobal
